
Microsoft Visual Studio Solution File, Format Version 12.00
# Visual Studio Version 17
VisualStudioVersion = 17.13.35913.81 d17.13
MinimumVisualStudioVersion = 10.0.40219.1
Project("{FAE04EC0-301F-11D3-BF4B-00C04F79EFBC}") = "NewTech", "NewTech\NewTech.csproj", "{04DE87C9-CAEF-44B0-9AA2-D985DFC2E42E}"
EndProject
Global
	GlobalSection(SolutionConfigurationPlatforms) = preSolution
		Debug|Any CPU = Debug|Any CPU
		Release|Any CPU = Release|Any CPU
	EndGlobalSection
	GlobalSection(ProjectConfigurationPlatforms) = postSolution
		{04DE87C9-CAEF-44B0-9AA2-D985DFC2E42E}.Debug|Any CPU.ActiveCfg = Debug|Any CPU
		{04DE87C9-CAEF-44B0-9AA2-D985DFC2E42E}.Debug|Any CPU.Build.0 = Debug|Any CPU
		{04DE87C9-CAEF-44B0-9AA2-D985DFC2E42E}.Release|Any CPU.ActiveCfg = Release|Any CPU
		{04DE87C9-CAEF-44B0-9AA2-D985DFC2E42E}.Release|Any CPU.Build.0 = Release|Any CPU
	EndGlobalSection
	GlobalSection(SolutionProperties) = preSolution
		HideSolutionNode = FALSE
	EndGlobalSection
	GlobalSection(ExtensibilityGlobals) = postSolution
		SolutionGuid = {7E663CDA-8A8D-4DCE-BDBB-A13277967CCF}
	EndGlobalSection
EndGlobal
